// !$*UTF8*$!
{
	archiveVersion = 1;
	classes = {
	};
	objectVersion = 56;
	objects = {

/* Begin PBXBuildFile section */
		93A4A0C52BCF63D3002A53D8 /* AppDelegate.m in Sources */ = {isa = PBXBuildFile; fileRef = 93A4A0C42BCF63D3002A53D8 /* AppDelegate.m */; };
		93A4A0C82BCF63D3002A53D8 /* SceneDelegate.m in Sources */ = {isa = PBXBuildFile; fileRef = 93A4A0C72BCF63D3002A53D8 /* SceneDelegate.m */; };
		93A4A0CB2BCF63D3002A53D8 /* MainVC.m in Sources */ = {isa = PBXBuildFile; fileRef = 93A4A0CA2BCF63D3002A53D8 /* MainVC.m */; };
		93A4A0D02BCF63D4002A53D8 /* Assets.xcassets in Resources */ = {isa = PBXBuildFile; fileRef = 93A4A0CF2BCF63D4002A53D8 /* Assets.xcassets */; };
		93A4A0D62BCF63D4002A53D8 /* main.m in Sources */ = {isa = PBXBuildFile; fileRef = 93A4A0D52BCF63D4002A53D8 /* main.m */; };
		93A4A0EC2BCF6939002A53D8 /* BaseService.m in Sources */ = {isa = PBXBuildFile; fileRef = 93A4A0EB2BCF6939002A53D8 /* BaseService.m */; };
		93A4A0F02BCF6C06002A53D8 /* AuthService.m in Sources */ = {isa = PBXBuildFile; fileRef = 93A4A0EF2BCF6C06002A53D8 /* AuthService.m */; };
		93A4A0F62BCF9118002A53D8 /* LaunchScreen.xib in Resources */ = {isa = PBXBuildFile; fileRef = 93A4A0F52BCF9118002A53D8 /* LaunchScreen.xib */; };
		93A4A0FD2BCF964B002A53D8 /* MainView.xib in Resources */ = {isa = PBXBuildFile; fileRef = 93A4A0FC2BCF964B002A53D8 /* MainView.xib */; };
/* End PBXBuildFile section */

/* Begin PBXFileReference section */
		93A4A0C02BCF63D3002A53D8 /* MenToMen.app */ = {isa = PBXFileReference; explicitFileType = wrapper.application; includeInIndex = 0; path = MenToMen.app; sourceTree = BUILT_PRODUCTS_DIR; };
		93A4A0C32BCF63D3002A53D8 /* AppDelegate.h */ = {isa = PBXFileReference; lastKnownFileType = sourcecode.c.h; path = AppDelegate.h; sourceTree = "<group>"; };
		93A4A0C42BCF63D3002A53D8 /* AppDelegate.m */ = {isa = PBXFileReference; lastKnownFileType = sourcecode.c.objc; path = AppDelegate.m; sourceTree = "<group>"; };
		93A4A0C62BCF63D3002A53D8 /* SceneDelegate.h */ = {isa = PBXFileReference; lastKnownFileType = sourcecode.c.h; path = SceneDelegate.h; sourceTree = "<group>"; };
		93A4A0C72BCF63D3002A53D8 /* SceneDelegate.m */ = {isa = PBXFileReference; lastKnownFileType = sourcecode.c.objc; path = SceneDelegate.m; sourceTree = "<group>"; };
		93A4A0C92BCF63D3002A53D8 /* MainVC.h */ = {isa = PBXFileReference; lastKnownFileType = sourcecode.c.h; path = MainVC.h; sourceTree = "<group>"; };
		93A4A0CA2BCF63D3002A53D8 /* MainVC.m */ = {isa = PBXFileReference; lastKnownFileType = sourcecode.c.objc; path = MainVC.m; sourceTree = "<group>"; };
		93A4A0CF2BCF63D4002A53D8 /* Assets.xcassets */ = {isa = PBXFileReference; lastKnownFileType = folder.assetcatalog; path = Assets.xcassets; sourceTree = "<group>"; };
		93A4A0D42BCF63D4002A53D8 /* Info.plist */ = {isa = PBXFileReference; lastKnownFileType = text.plist.xml; path = Info.plist; sourceTree = "<group>"; };
		93A4A0D52BCF63D4002A53D8 /* main.m */ = {isa = PBXFileReference; lastKnownFileType = sourcecode.c.objc; path = main.m; sourceTree = "<group>"; };
		93A4A0E72BCF67B9002A53D8 /* README.md */ = {isa = PBXFileReference; lastKnownFileType = net.daringfireball.markdown; path = README.md; sourceTree = "<group>"; };
		93A4A0EB2BCF6939002A53D8 /* BaseService.m */ = {isa = PBXFileReference; lastKnownFileType = sourcecode.c.objc; path = BaseService.m; sourceTree = "<group>"; };
		93A4A0ED2BCF6947002A53D8 /* BaseService.h */ = {isa = PBXFileReference; lastKnownFileType = sourcecode.c.h; path = BaseService.h; sourceTree = "<group>"; };
		93A4A0EF2BCF6C06002A53D8 /* AuthService.m */ = {isa = PBXFileReference; lastKnownFileType = sourcecode.c.objc; path = AuthService.m; sourceTree = "<group>"; };
		93A4A0F12BCF6C0F002A53D8 /* AuthService.h */ = {isa = PBXFileReference; lastKnownFileType = sourcecode.c.h; path = AuthService.h; sourceTree = "<group>"; };
		93A4A0F52BCF9118002A53D8 /* LaunchScreen.xib */ = {isa = PBXFileReference; lastKnownFileType = file.xib; path = LaunchScreen.xib; sourceTree = "<group>"; };
		93A4A0FC2BCF964B002A53D8 /* MainView.xib */ = {isa = PBXFileReference; lastKnownFileType = file.xib; path = MainView.xib; sourceTree = "<group>"; };
/* End PBXFileReference section */

/* Begin PBXFrameworksBuildPhase section */
		93A4A0BD2BCF63D3002A53D8 /* Frameworks */ = {
			isa = PBXFrameworksBuildPhase;
			buildActionMask = 2147483647;
			files = (
			);
			runOnlyForDeploymentPostprocessing = 0;
		};
/* End PBXFrameworksBuildPhase section */

/* Begin PBXGroup section */
		93A4A0B72BCF63D3002A53D8 = {
			isa = PBXGroup;
			children = (
				93A4A0E72BCF67B9002A53D8 /* README.md */,
				93A4A0C22BCF63D3002A53D8 /* MenToMen */,
				93A4A0C12BCF63D3002A53D8 /* Products */,
			);
			sourceTree = "<group>";
		};
		93A4A0C12BCF63D3002A53D8 /* Products */ = {
			isa = PBXGroup;
			children = (
				93A4A0C02BCF63D3002A53D8 /* MenToMen.app */,
			);
			name = Products;
			sourceTree = "<group>";
		};
		93A4A0C22BCF63D3002A53D8 /* MenToMen */ = {
			isa = PBXGroup;
			children = (
				93A4A0DC2BCF641A002A53D8 /* Resource */,
				93A4A0DD2BCF641F002A53D8 /* Source */,
				93A4A0D42BCF63D4002A53D8 /* Info.plist */,
			);
			path = MenToMen;
			sourceTree = "<group>";
		};
		93A4A0DC2BCF641A002A53D8 /* Resource */ = {
			isa = PBXGroup;
			children = (
				93A4A0CF2BCF63D4002A53D8 /* Assets.xcassets */,
				93A4A0F52BCF9118002A53D8 /* LaunchScreen.xib */,
			);
			path = Resource;
			sourceTree = "<group>";
		};
		93A4A0DD2BCF641F002A53D8 /* Source */ = {
			isa = PBXGroup;
			children = (
				93A4A0DE2BCF6423002A53D8 /* Application */,
				93A4A0E12BCF64B3002A53D8 /* Domain */,
				93A4A0E22BCF64B8002A53D8 /* Data */,
				93A4A0E32BCF6611002A53D8 /* Presentation */,
			);
			path = Source;
			sourceTree = "<group>";
		};
		93A4A0DE2BCF6423002A53D8 /* Application */ = {
			isa = PBXGroup;
			children = (
				93A4A0D52BCF63D4002A53D8 /* main.m */,
				93A4A0DF2BCF6433002A53D8 /* AppDelegate */,
				93A4A0E02BCF643C002A53D8 /* SceneDelegate */,
			);
			path = Application;
			sourceTree = "<group>";
		};
		93A4A0DF2BCF6433002A53D8 /* AppDelegate */ = {
			isa = PBXGroup;
			children = (
				93A4A0C32BCF63D3002A53D8 /* AppDelegate.h */,
				93A4A0C42BCF63D3002A53D8 /* AppDelegate.m */,
			);
			path = AppDelegate;
			sourceTree = "<group>";
		};
		93A4A0E02BCF643C002A53D8 /* SceneDelegate */ = {
			isa = PBXGroup;
			children = (
				93A4A0C62BCF63D3002A53D8 /* SceneDelegate.h */,
				93A4A0C72BCF63D3002A53D8 /* SceneDelegate.m */,
			);
			path = SceneDelegate;
			sourceTree = "<group>";
		};
		93A4A0E12BCF64B3002A53D8 /* Domain */ = {
			isa = PBXGroup;
			children = (
			);
			path = Domain;
			sourceTree = "<group>";
		};
		93A4A0E22BCF64B8002A53D8 /* Data */ = {
			isa = PBXGroup;
			children = (
				93A4A0E82BCF68B2002A53D8 /* Network */,
			);
			path = Data;
			sourceTree = "<group>";
		};
		93A4A0E32BCF6611002A53D8 /* Presentation */ = {
			isa = PBXGroup;
			children = (
				93A4A0E42BCF6619002A53D8 /* Main */,
			);
			path = Presentation;
			sourceTree = "<group>";
		};
		93A4A0E42BCF6619002A53D8 /* Main */ = {
			isa = PBXGroup;
			children = (
				93A4A0C92BCF63D3002A53D8 /* MainVC.h */,
				93A4A0CA2BCF63D3002A53D8 /* MainVC.m */,
				93A4A0FC2BCF964B002A53D8 /* MainView.xib */,
			);
			path = Main;
			sourceTree = "<group>";
		};
		93A4A0E82BCF68B2002A53D8 /* Network */ = {
			isa = PBXGroup;
			children = (
				93A4A0E92BCF68B8002A53D8 /* Service */,
			);
			path = Network;
			sourceTree = "<group>";
		};
		93A4A0E92BCF68B8002A53D8 /* Service */ = {
			isa = PBXGroup;
			children = (
				93A4A0F22BCF8DD3002A53D8 /* Post */,
				93A4A0EE2BCF6B8D002A53D8 /* Auth */,
				93A4A0ED2BCF6947002A53D8 /* BaseService.h */,
				93A4A0EB2BCF6939002A53D8 /* BaseService.m */,
			);
			path = Service;
			sourceTree = "<group>";
		};
		93A4A0EE2BCF6B8D002A53D8 /* Auth */ = {
			isa = PBXGroup;
			children = (
				93A4A0F12BCF6C0F002A53D8 /* AuthService.h */,
				93A4A0EF2BCF6C06002A53D8 /* AuthService.m */,
			);
			path = Auth;
			sourceTree = "<group>";
		};
		93A4A0F22BCF8DD3002A53D8 /* Post */ = {
			isa = PBXGroup;
			children = (
			);
			path = Post;
			sourceTree = "<group>";
		};
/* End PBXGroup section */

/* Begin PBXNativeTarget section */
		93A4A0BF2BCF63D3002A53D8 /* MenToMen */ = {
			isa = PBXNativeTarget;
			buildConfigurationList = 93A4A0D92BCF63D4002A53D8 /* Build configuration list for PBXNativeTarget "MenToMen" */;
			buildPhases = (
				93A4A0BC2BCF63D3002A53D8 /* Sources */,
				93A4A0BD2BCF63D3002A53D8 /* Frameworks */,
				93A4A0BE2BCF63D3002A53D8 /* Resources */,
			);
			buildRules = (
			);
			dependencies = (
			);
			name = MenToMen;
			productName = MenToMen;
			productReference = 93A4A0C02BCF63D3002A53D8 /* MenToMen.app */;
			productType = "com.apple.product-type.application";
		};
/* End PBXNativeTarget section */

/* Begin PBXProject section */
		93A4A0B82BCF63D3002A53D8 /* Project object */ = {
			isa = PBXProject;
			attributes = {
				BuildIndependentTargetsInParallel = 1;
				LastUpgradeCheck = 1530;
				TargetAttributes = {
					93A4A0BF2BCF63D3002A53D8 = {
						CreatedOnToolsVersion = 15.3;
					};
				};
			};
			buildConfigurationList = 93A4A0BB2BCF63D3002A53D8 /* Build configuration list for PBXProject "MenToMen" */;
			compatibilityVersion = "Xcode 14.0";
			developmentRegion = en;
			hasScannedForEncodings = 0;
			knownRegions = (
				en,
				Base,
			);
			mainGroup = 93A4A0B72BCF63D3002A53D8;
			productRefGroup = 93A4A0C12BCF63D3002A53D8 /* Products */;
			projectDirPath = "";
			projectRoot = "";
			targets = (
				93A4A0BF2BCF63D3002A53D8 /* MenToMen */,
			);
		};
/* End PBXProject section */

/* Begin PBXResourcesBuildPhase section */
		93A4A0BE2BCF63D3002A53D8 /* Resources */ = {
			isa = PBXResourcesBuildPhase;
			buildActionMask = 2147483647;
			files = (
				93A4A0FD2BCF964B002A53D8 /* MainView.xib in Resources */,
				93A4A0F62BCF9118002A53D8 /* LaunchScreen.xib in Resources */,
				93A4A0D02BCF63D4002A53D8 /* Assets.xcassets in Resources */,
			);
			runOnlyForDeploymentPostprocessing = 0;
		};
/* End PBXResourcesBuildPhase section */

/* Begin PBXSourcesBuildPhase section */
		93A4A0BC2BCF63D3002A53D8 /* Sources */ = {
			isa = PBXSourcesBuildPhase;
			buildActionMask = 2147483647;
			files = (
				93A4A0CB2BCF63D3002A53D8 /* MainVC.m in Sources */,
				93A4A0C52BCF63D3002A53D8 /* AppDelegate.m in Sources */,
				93A4A0D62BCF63D4002A53D8 /* main.m in Sources */,
				93A4A0F02BCF6C06002A53D8 /* AuthService.m in Sources */,
				93A4A0C82BCF63D3002A53D8 /* SceneDelegate.m in Sources */,
				93A4A0EC2BCF6939002A53D8 /* BaseService.m in Sources */,
			);
			runOnlyForDeploymentPostprocessing = 0;
		};
/* End PBXSourcesBuildPhase section */

/* Begin XCBuildConfiguration section */
		93A4A0D72BCF63D4002A53D8 /* Debug */ = {
			isa = XCBuildConfiguration;
			buildSettings = {
				ALWAYS_SEARCH_USER_PATHS = NO;
				ASSETCATALOG_COMPILER_GENERATE_SWIFT_ASSET_SYMBOL_EXTENSIONS = YES;
				CLANG_ANALYZER_NONNULL = YES;
				CLANG_ANALYZER_NUMBER_OBJECT_CONVERSION = YES_AGGRESSIVE;
				CLANG_CXX_LANGUAGE_STANDARD = "gnu++20";
				CLANG_ENABLE_MODULES = YES;
				CLANG_ENABLE_OBJC_ARC = YES;
				CLANG_ENABLE_OBJC_WEAK = YES;
				CLANG_WARN_BLOCK_CAPTURE_AUTORELEASING = YES;
				CLANG_WARN_BOOL_CONVERSION = YES;
				CLANG_WARN_COMMA = YES;
				CLANG_WARN_CONSTANT_CONVERSION = YES;
				CLANG_WARN_DEPRECATED_OBJC_IMPLEMENTATIONS = YES;
				CLANG_WARN_DIRECT_OBJC_ISA_USAGE = YES_ERROR;
				CLANG_WARN_DOCUMENTATION_COMMENTS = YES;
				CLANG_WARN_EMPTY_BODY = YES;
				CLANG_WARN_ENUM_CONVERSION = YES;
				CLANG_WARN_INFINITE_RECURSION = YES;
				CLANG_WARN_INT_CONVERSION = YES;
				CLANG_WARN_NON_LITERAL_NULL_CONVERSION = YES;
				CLANG_WARN_OBJC_IMPLICIT_RETAIN_SELF = YES;
				CLANG_WARN_OBJC_LITERAL_CONVERSION = YES;
				CLANG_WARN_OBJC_ROOT_CLASS = YES_ERROR;
				CLANG_WARN_QUOTED_INCLUDE_IN_FRAMEWORK_HEADER = YES;
				CLANG_WARN_RANGE_LOOP_ANALYSIS = YES;
				CLANG_WARN_STRICT_PROTOTYPES = YES;
				CLANG_WARN_SUSPICIOUS_MOVE = YES;
				CLANG_WARN_UNGUARDED_AVAILABILITY = YES_AGGRESSIVE;
				CLANG_WARN_UNREACHABLE_CODE = YES;
				CLANG_WARN__DUPLICATE_METHOD_MATCH = YES;
				COPY_PHASE_STRIP = NO;
				DEBUG_INFORMATION_FORMAT = dwarf;
				ENABLE_STRICT_OBJC_MSGSEND = YES;
				ENABLE_TESTABILITY = YES;
				ENABLE_USER_SCRIPT_SANDBOXING = YES;
				GCC_C_LANGUAGE_STANDARD = gnu17;
				GCC_DYNAMIC_NO_PIC = NO;
				GCC_NO_COMMON_BLOCKS = YES;
				GCC_OPTIMIZATION_LEVEL = 0;
				GCC_PREPROCESSOR_DEFINITIONS = (
					"DEBUG=1",
					"$(inherited)",
				);
				GCC_WARN_64_TO_32_BIT_CONVERSION = YES;
				GCC_WARN_ABOUT_RETURN_TYPE = YES_ERROR;
				GCC_WARN_UNDECLARED_SELECTOR = YES;
				GCC_WARN_UNINITIALIZED_AUTOS = YES_AGGRESSIVE;
				GCC_WARN_UNUSED_FUNCTION = YES;
				GCC_WARN_UNUSED_VARIABLE = YES;
				IPHONEOS_DEPLOYMENT_TARGET = 14.0;
				LOCALIZATION_PREFERS_STRING_CATALOGS = YES;
				MTL_ENABLE_DEBUG_INFO = INCLUDE_SOURCE;
				MTL_FAST_MATH = YES;
				ONLY_ACTIVE_ARCH = YES;
				SDKROOT = iphoneos;
			};
			name = Debug;
		};
		93A4A0D82BCF63D4002A53D8 /* Release */ = {
			isa = XCBuildConfiguration;
			buildSettings = {
				ALWAYS_SEARCH_USER_PATHS = NO;
				ASSETCATALOG_COMPILER_GENERATE_SWIFT_ASSET_SYMBOL_EXTENSIONS = YES;
				CLANG_ANALYZER_NONNULL = YES;
				CLANG_ANALYZER_NUMBER_OBJECT_CONVERSION = YES_AGGRESSIVE;
				CLANG_CXX_LANGUAGE_STANDARD = "gnu++20";
				CLANG_ENABLE_MODULES = YES;
				CLANG_ENABLE_OBJC_ARC = YES;
				CLANG_ENABLE_OBJC_WEAK = YES;
				CLANG_WARN_BLOCK_CAPTURE_AUTORELEASING = YES;
				CLANG_WARN_BOOL_CONVERSION = YES;
				CLANG_WARN_COMMA = YES;
				CLANG_WARN_CONSTANT_CONVERSION = YES;
				CLANG_WARN_DEPRECATED_OBJC_IMPLEMENTATIONS = YES;
				CLANG_WARN_DIRECT_OBJC_ISA_USAGE = YES_ERROR;
				CLANG_WARN_DOCUMENTATION_COMMENTS = YES;
				CLANG_WARN_EMPTY_BODY = YES;
				CLANG_WARN_ENUM_CONVERSION = YES;
				CLANG_WARN_INFINITE_RECURSION = YES;
				CLANG_WARN_INT_CONVERSION = YES;
				CLANG_WARN_NON_LITERAL_NULL_CONVERSION = YES;
				CLANG_WARN_OBJC_IMPLICIT_RETAIN_SELF = YES;
				CLANG_WARN_OBJC_LITERAL_CONVERSION = YES;
				CLANG_WARN_OBJC_ROOT_CLASS = YES_ERROR;
				CLANG_WARN_QUOTED_INCLUDE_IN_FRAMEWORK_HEADER = YES;
				CLANG_WARN_RANGE_LOOP_ANALYSIS = YES;
				CLANG_WARN_STRICT_PROTOTYPES = YES;
				CLANG_WARN_SUSPICIOUS_MOVE = YES;
				CLANG_WARN_UNGUARDED_AVAILABILITY = YES_AGGRESSIVE;
				CLANG_WARN_UNREACHABLE_CODE = YES;
				CLANG_WARN__DUPLICATE_METHOD_MATCH = YES;
				COPY_PHASE_STRIP = NO;
				DEBUG_INFORMATION_FORMAT = "dwarf-with-dsym";
				ENABLE_NS_ASSERTIONS = NO;
				ENABLE_STRICT_OBJC_MSGSEND = YES;
				ENABLE_USER_SCRIPT_SANDBOXING = YES;
				GCC_C_LANGUAGE_STANDARD = gnu17;
				GCC_NO_COMMON_BLOCKS = YES;
				GCC_WARN_64_TO_32_BIT_CONVERSION = YES;
				GCC_WARN_ABOUT_RETURN_TYPE = YES_ERROR;
				GCC_WARN_UNDECLARED_SELECTOR = YES;
				GCC_WARN_UNINITIALIZED_AUTOS = YES_AGGRESSIVE;
				GCC_WARN_UNUSED_FUNCTION = YES;
				GCC_WARN_UNUSED_VARIABLE = YES;
				IPHONEOS_DEPLOYMENT_TARGET = 14.0;
				LOCALIZATION_PREFERS_STRING_CATALOGS = YES;
				MTL_ENABLE_DEBUG_INFO = NO;
				MTL_FAST_MATH = YES;
				SDKROOT = iphoneos;
				VALIDATE_PRODUCT = YES;
			};
			name = Release;
		};
		93A4A0DA2BCF63D4002A53D8 /* Debug */ = {
			isa = XCBuildConfiguration;
			buildSettings = {
				ASSETCATALOG_COMPILER_APPICON_NAME = AppIcon;
				ASSETCATALOG_COMPILER_GLOBAL_ACCENT_COLOR_NAME = AccentColor;
				CODE_SIGN_STYLE = Automatic;
				CURRENT_PROJECT_VERSION = 1;
				DEVELOPMENT_TEAM = 56V747V83R;
				GENERATE_INFOPLIST_FILE = YES;
				INFOPLIST_FILE = MenToMen/Info.plist;
				INFOPLIST_KEY_CFBundleDisplayName = "멘투멘";
				INFOPLIST_KEY_UIApplicationSupportsIndirectInputEvents = YES;
				INFOPLIST_KEY_UILaunchStoryboardName = LaunchScreen.xib;
				INFOPLIST_KEY_UISupportedInterfaceOrientations = UIInterfaceOrientationPortrait;
				INFOPLIST_KEY_UISupportedInterfaceOrientations_iPad = "UIInterfaceOrientationLandscapeLeft UIInterfaceOrientationLandscapeRight UIInterfaceOrientationPortrait UIInterfaceOrientationPortraitUpsideDown";
				IPHONEOS_DEPLOYMENT_TARGET = 14;
				LD_RUNPATH_SEARCH_PATHS = (
					"$(inherited)",
					"@executable_path/Frameworks",
				);
				MARKETING_VERSION = 1.0;
				PRODUCT_BUNDLE_IDENTIFIER = com.b1nd.mentomen;
				PRODUCT_NAME = "$(TARGET_NAME)";
				SWIFT_EMIT_LOC_STRINGS = YES;
				TARGETED_DEVICE_FAMILY = "1,2";
			};
			name = Debug;
		};
		93A4A0DB2BCF63D4002A53D8 /* Release */ = {
			isa = XCBuildConfiguration;
			buildSettings = {
				ASSETCATALOG_COMPILER_APPICON_NAME = AppIcon;
				ASSETCATALOG_COMPILER_GLOBAL_ACCENT_COLOR_NAME = AccentColor;
				CODE_SIGN_STYLE = Automatic;
				CURRENT_PROJECT_VERSION = 1;
				DEVELOPMENT_TEAM = 56V747V83R;
				GENERATE_INFOPLIST_FILE = YES;
				INFOPLIST_FILE = MenToMen/Info.plist;
				INFOPLIST_KEY_CFBundleDisplayName = "멘투멘";
				INFOPLIST_KEY_UIApplicationSupportsIndirectInputEvents = YES;
				INFOPLIST_KEY_UILaunchStoryboardName = LaunchScreen.xib;
				INFOPLIST_KEY_UISupportedInterfaceOrientations = UIInterfaceOrientationPortrait;
				INFOPLIST_KEY_UISupportedInterfaceOrientations_iPad = "UIInterfaceOrientationLandscapeLeft UIInterfaceOrientationLandscapeRight UIInterfaceOrientationPortrait UIInterfaceOrientationPortraitUpsideDown";
				IPHONEOS_DEPLOYMENT_TARGET = 14;
				LD_RUNPATH_SEARCH_PATHS = (
					"$(inherited)",
					"@executable_path/Frameworks",
				);
				MARKETING_VERSION = 1.0;
				PRODUCT_BUNDLE_IDENTIFIER = com.b1nd.mentomen;
				PRODUCT_NAME = "$(TARGET_NAME)";
				SWIFT_EMIT_LOC_STRINGS = YES;
				TARGETED_DEVICE_FAMILY = "1,2";
			};
			name = Release;
		};
/* End XCBuildConfiguration section */

/* Begin XCConfigurationList section */
		93A4A0BB2BCF63D3002A53D8 /* Build configuration list for PBXProject "MenToMen" */ = {
			isa = XCConfigurationList;
			buildConfigurations = (
				93A4A0D72BCF63D4002A53D8 /* Debug */,
				93A4A0D82BCF63D4002A53D8 /* Release */,
			);
			defaultConfigurationIsVisible = 0;
			defaultConfigurationName = Release;
		};
		93A4A0D92BCF63D4002A53D8 /* Build configuration list for PBXNativeTarget "MenToMen" */ = {
			isa = XCConfigurationList;
			buildConfigurations = (
				93A4A0DA2BCF63D4002A53D8 /* Debug */,
				93A4A0DB2BCF63D4002A53D8 /* Release */,
			);
			defaultConfigurationIsVisible = 0;
			defaultConfigurationName = Release;
		};
/* End XCConfigurationList section */
	};
	rootObject = 93A4A0B82BCF63D3002A53D8 /* Project object */;
}
